
Microsoft Visual Studio Solution File, Format Version 12.00
# Visual Studio Version 17
VisualStudioVersion = 17.9.34728.123
MinimumVisualStudioVersion = 10.0.40219.1
Project("{FAE04EC0-301F-11D3-BF4B-00C04F79EFBC}") = "WpfAssignmentPractical", "WpfAssignmentPractical\WpfAssignmentPractical.csproj", "{58E40E0F-005D-456A-BB30-B5E81EEACC95}"
EndProject
Global
	GlobalSection(SolutionConfigurationPlatforms) = preSolution
		Debug|Any CPU = Debug|Any CPU
		Release|Any CPU = Release|Any CPU
	EndGlobalSection
	GlobalSection(ProjectConfigurationPlatforms) = postSolution
		{58E40E0F-005D-456A-BB30-B5E81EEACC95}.Debug|Any CPU.ActiveCfg = Debug|Any CPU
		{58E40E0F-005D-456A-BB30-B5E81EEACC95}.Debug|Any CPU.Build.0 = Debug|Any CPU
		{58E40E0F-005D-456A-BB30-B5E81EEACC95}.Release|Any CPU.ActiveCfg = Release|Any CPU
		{58E40E0F-005D-456A-BB30-B5E81EEACC95}.Release|Any CPU.Build.0 = Release|Any CPU
	EndGlobalSection
	GlobalSection(SolutionProperties) = preSolution
		HideSolutionNode = FALSE
	EndGlobalSection
	GlobalSection(ExtensibilityGlobals) = postSolution
		SolutionGuid = {666BC278-BE8E-4561-821F-69AF848A4A30}
	EndGlobalSection
EndGlobal
